# THIS IS AN AUTOGENERATED FILE. DO NOT EDIT THIS FILE DIRECTLY.
# yarn lockfile v1


"@u-wave/react-vimeo@^0.8.1":
  version "0.8.1"
  resolved "https://registry.yarnpkg.com/@u-wave/react-vimeo/-/react-vimeo-0.8.1.tgz#064c862f211a2d2eb8573e538ee4633338051302"
  integrity sha512-A6e0lBP/H04h7hhBjARj8u7Tl1HNE1eNb1tn0YMGQCRZK2AP1HiU/EGCUJSDYkXzWeMUqAdU6hPbEjro4KywWg==
  dependencies:
    "@vimeo/player" "^2.9.1"
    prop-types "^15.6.1"

"@vimeo/player@^2.9.1":
  version "2.10.0"
  resolved "https://registry.yarnpkg.com/@vimeo/player/-/player-2.10.0.tgz#1b3cb590a633b8b565b61b850c44a4fb9632b97a"
  integrity sha512-tG2M+9D92P4uJAmIwJmYHxZXtUKofT12Zu1iG7m03Q/GFt41kwJRMkfO2ZDU8BLrsG3AIt2hKkw776tDIR1Iuw==
  dependencies:
    native-promise-only "0.8.1"
    weakmap-polyfill "2.0.0"

gsap@^3.0.4:
  version "3.0.4"
  resolved "https://registry.yarnpkg.com/gsap/-/gsap-3.0.4.tgz#865d2b1d5b2d8afad272e96d15f43e5409ab2b29"
  integrity sha512-l3fmElGrXt94zor+H2MxN5l5KBjUebL070MNOzkbF5tG2W303NwIc7eoge/Ic7XxLT98RA3x/sGqZ1UwzalckQ==

"js-tokens@^3.0.0 || ^4.0.0":
  version "4.0.0"
  resolved "https://registry.yarnpkg.com/js-tokens/-/js-tokens-4.0.0.tgz#19203fb59991df98e3a287050d4647cdeaf32499"
  integrity sha512-RdJUflcE3cUzKiMqQgsCu06FPu9UdIJO0beYbPhHN4k6apgJtifcoCtT9bcxOpYBtpD2kCM6Sbzg4CausW/PKQ==

loose-envify@^1.4.0:
  version "1.4.0"
  resolved "https://registry.yarnpkg.com/loose-envify/-/loose-envify-1.4.0.tgz#71ee51fa7be4caec1a63839f7e682d8132d30caf"
  integrity sha512-lyuxPGr/Wfhrlem2CL/UcnUc1zcqKAImBDzukY7Y5F/yQiNdko6+fRLevlw1HgMySw7f611UIY408EtxRSoK3Q==
  dependencies:
    js-tokens "^3.0.0 || ^4.0.0"

native-promise-only@0.8.1:
  version "0.8.1"
  resolved "https://registry.yarnpkg.com/native-promise-only/-/native-promise-only-0.8.1.tgz#20a318c30cb45f71fe7adfbf7b21c99c1472ef11"
  integrity sha1-IKMYwwy0X3H+et+/eyHJnBRy7xE=

object-assign@^4.1.1:
  version "4.1.1"
  resolved "https://registry.yarnpkg.com/object-assign/-/object-assign-4.1.1.tgz#2109adc7965887cfc05cbbd442cac8bfbb360863"
  integrity sha1-IQmtx5ZYh8/AXLvUQsrIv7s2CGM=

prop-types@^15.6.1:
  version "15.7.2"
  resolved "https://registry.yarnpkg.com/prop-types/-/prop-types-15.7.2.tgz#52c41e75b8c87e72b9d9360e0206b99dcbffa6c5"
  integrity sha512-8QQikdH7//R2vurIJSutZ1smHYTcLpRWEOlHnzcWHmBYrOGUysKwSsrC89BCiFj3CbrfJ/nXFdJepOVrY1GCHQ==
  dependencies:
    loose-envify "^1.4.0"
    object-assign "^4.1.1"
    react-is "^16.8.1"

react-is@^16.8.1:
  version "16.12.0"
  resolved "https://registry.yarnpkg.com/react-is/-/react-is-16.12.0.tgz#2cc0fe0fba742d97fd527c42a13bec4eeb06241c"
  integrity sha512-rPCkf/mWBtKc97aLL9/txD8DZdemK0vkA3JMLShjlJB3Pj3s+lpf1KaBzMfQrAmhMQB0n1cU/SUGgKKBCe837Q==

weakmap-polyfill@2.0.0:
  version "2.0.0"
  resolved "https://registry.yarnpkg.com/weakmap-polyfill/-/weakmap-polyfill-2.0.0.tgz#8f28f935e3853896ad40747e5258db578d9dc8de"
  integrity sha1-jyj5NeOFOJatQHR+UljbV42dyN4=
